// !$*UTF8*$!
{
	archiveVersion = 1;
	classes = {
	};
	objectVersion = 48;
	objects = {

/* Begin PBXBuildFile section */
		7F31E9B1209067D3004A5242 /* AppDelegate.m in Sources */ = {isa = PBXBuildFile; fileRef = 7F31E9B0209067D3004A5242 /* AppDelegate.m */; };
		7F31E9B4209067D3004A5242 /* ViewController.m in Sources */ = {isa = PBXBuildFile; fileRef = 7F31E9B3209067D3004A5242 /* ViewController.m */; };
		7F31E9B7209067D3004A5242 /* Main.storyboard in Resources */ = {isa = PBXBuildFile; fileRef = 7F31E9B5209067D3004A5242 /* Main.storyboard */; };
		7F31E9B9209067D3004A5242 /* Assets.xcassets in Resources */ = {isa = PBXBuildFile; fileRef = 7F31E9B8209067D3004A5242 /* Assets.xcassets */; };
		7F31E9BC209067D3004A5242 /* LaunchScreen.storyboard in Resources */ = {isa = PBXBuildFile; fileRef = 7F31E9BA209067D3004A5242 /* LaunchScreen.storyboard */; };
		7F31E9BF209067D3004A5242 /* main.m in Sources */ = {isa = PBXBuildFile; fileRef = 7F31E9BE209067D3004A5242 /* main.m */; };
		7F31E9C9209067D3004A5242 /* PhoneFieldOCTests.m in Sources */ = {isa = PBXBuildFile; fileRef = 7F31E9C8209067D3004A5242 /* PhoneFieldOCTests.m */; };
		7F31E9D4209067D4004A5242 /* PhoneFieldOCUITests.m in Sources */ = {isa = PBXBuildFile; fileRef = 7F31E9D3209067D4004A5242 /* PhoneFieldOCUITests.m */; };
		7F31E9E3209067ED004A5242 /* PhoneField.m in Sources */ = {isa = PBXBuildFile; fileRef = 7F31E9E2209067ED004A5242 /* PhoneField.m */; };
/* End PBXBuildFile section */

/* Begin PBXContainerItemProxy section */
		7F31E9C5209067D3004A5242 /* PBXContainerItemProxy */ = {
			isa = PBXContainerItemProxy;
			containerPortal = 7F31E9A4209067D3004A5242 /* Project object */;
			proxyType = 1;
			remoteGlobalIDString = 7F31E9AB209067D3004A5242;
			remoteInfo = PhoneFieldOC;
		};
		7F31E9D0209067D4004A5242 /* PBXContainerItemProxy */ = {
			isa = PBXContainerItemProxy;
			containerPortal = 7F31E9A4209067D3004A5242 /* Project object */;
			proxyType = 1;
			remoteGlobalIDString = 7F31E9AB209067D3004A5242;
			remoteInfo = PhoneFieldOC;
		};
/* End PBXContainerItemProxy section */

/* Begin PBXFileReference section */
		7F31E9AC209067D3004A5242 /* PhoneFieldOC.app */ = {isa = PBXFileReference; explicitFileType = wrapper.application; includeInIndex = 0; path = PhoneFieldOC.app; sourceTree = BUILT_PRODUCTS_DIR; };
		7F31E9AF209067D3004A5242 /* AppDelegate.h */ = {isa = PBXFileReference; lastKnownFileType = sourcecode.c.h; path = AppDelegate.h; sourceTree = "<group>"; };
		7F31E9B0209067D3004A5242 /* AppDelegate.m */ = {isa = PBXFileReference; lastKnownFileType = sourcecode.c.objc; path = AppDelegate.m; sourceTree = "<group>"; };
		7F31E9B2209067D3004A5242 /* ViewController.h */ = {isa = PBXFileReference; lastKnownFileType = sourcecode.c.h; path = ViewController.h; sourceTree = "<group>"; };
		7F31E9B3209067D3004A5242 /* ViewController.m */ = {isa = PBXFileReference; lastKnownFileType = sourcecode.c.objc; path = ViewController.m; sourceTree = "<group>"; };
		7F31E9B6209067D3004A5242 /* Base */ = {isa = PBXFileReference; lastKnownFileType = file.storyboard; name = Base; path = Base.lproj/Main.storyboard; sourceTree = "<group>"; };
		7F31E9B8209067D3004A5242 /* Assets.xcassets */ = {isa = PBXFileReference; lastKnownFileType = folder.assetcatalog; path = Assets.xcassets; sourceTree = "<group>"; };
		7F31E9BB209067D3004A5242 /* Base */ = {isa = PBXFileReference; lastKnownFileType = file.storyboard; name = Base; path = Base.lproj/LaunchScreen.storyboard; sourceTree = "<group>"; };
		7F31E9BD209067D3004A5242 /* Info.plist */ = {isa = PBXFileReference; lastKnownFileType = text.plist.xml; path = Info.plist; sourceTree = "<group>"; };
		7F31E9BE209067D3004A5242 /* main.m */ = {isa = PBXFileReference; lastKnownFileType = sourcecode.c.objc; path = main.m; sourceTree = "<group>"; };
		7F31E9C4209067D3004A5242 /* PhoneFieldOCTests.xctest */ = {isa = PBXFileReference; explicitFileType = wrapper.cfbundle; includeInIndex = 0; path = PhoneFieldOCTests.xctest; sourceTree = BUILT_PRODUCTS_DIR; };
		7F31E9C8209067D3004A5242 /* PhoneFieldOCTests.m */ = {isa = PBXFileReference; lastKnownFileType = sourcecode.c.objc; path = PhoneFieldOCTests.m; sourceTree = "<group>"; };
		7F31E9CA209067D3004A5242 /* Info.plist */ = {isa = PBXFileReference; lastKnownFileType = text.plist.xml; path = Info.plist; sourceTree = "<group>"; };
		7F31E9CF209067D4004A5242 /* PhoneFieldOCUITests.xctest */ = {isa = PBXFileReference; explicitFileType = wrapper.cfbundle; includeInIndex = 0; path = PhoneFieldOCUITests.xctest; sourceTree = BUILT_PRODUCTS_DIR; };
		7F31E9D3209067D4004A5242 /* PhoneFieldOCUITests.m */ = {isa = PBXFileReference; lastKnownFileType = sourcecode.c.objc; path = PhoneFieldOCUITests.m; sourceTree = "<group>"; };
		7F31E9D5209067D4004A5242 /* Info.plist */ = {isa = PBXFileReference; lastKnownFileType = text.plist.xml; path = Info.plist; sourceTree = "<group>"; };
		7F31E9E1209067ED004A5242 /* PhoneField.h */ = {isa = PBXFileReference; lastKnownFileType = sourcecode.c.h; path = PhoneField.h; sourceTree = "<group>"; };
		7F31E9E2209067ED004A5242 /* PhoneField.m */ = {isa = PBXFileReference; lastKnownFileType = sourcecode.c.objc; path = PhoneField.m; sourceTree = "<group>"; };
/* End PBXFileReference section */

/* Begin PBXFrameworksBuildPhase section */
		7F31E9A9209067D3004A5242 /* Frameworks */ = {
			isa = PBXFrameworksBuildPhase;
			buildActionMask = 2147483647;
			files = (
			);
			runOnlyForDeploymentPostprocessing = 0;
		};
		7F31E9C1209067D3004A5242 /* Frameworks */ = {
			isa = PBXFrameworksBuildPhase;
			buildActionMask = 2147483647;
			files = (
			);
			runOnlyForDeploymentPostprocessing = 0;
		};
		7F31E9CC209067D4004A5242 /* Frameworks */ = {
			isa = PBXFrameworksBuildPhase;
			buildActionMask = 2147483647;
			files = (
			);
			runOnlyForDeploymentPostprocessing = 0;
		};
/* End PBXFrameworksBuildPhase section */

/* Begin PBXGroup section */
		7F31E9A3209067D3004A5242 = {
			isa = PBXGroup;
			children = (
				7F31E9AE209067D3004A5242 /* PhoneFieldOC */,
				7F31E9C7209067D3004A5242 /* PhoneFieldOCTests */,
				7F31E9D2209067D4004A5242 /* PhoneFieldOCUITests */,
				7F31E9AD209067D3004A5242 /* Products */,
			);
			sourceTree = "<group>";
		};
		7F31E9AD209067D3004A5242 /* Products */ = {
			isa = PBXGroup;
			children = (
				7F31E9AC209067D3004A5242 /* PhoneFieldOC.app */,
				7F31E9C4209067D3004A5242 /* PhoneFieldOCTests.xctest */,
				7F31E9CF209067D4004A5242 /* PhoneFieldOCUITests.xctest */,
			);
			name = Products;
			sourceTree = "<group>";
		};
		7F31E9AE209067D3004A5242 /* PhoneFieldOC */ = {
			isa = PBXGroup;
			children = (
				7F31E9AF209067D3004A5242 /* AppDelegate.h */,
				7F31E9B0209067D3004A5242 /* AppDelegate.m */,
				7F31E9B2209067D3004A5242 /* ViewController.h */,
				7F31E9B3209067D3004A5242 /* ViewController.m */,
				7F31E9E1209067ED004A5242 /* PhoneField.h */,
				7F31E9E2209067ED004A5242 /* PhoneField.m */,
				7F31E9B5209067D3004A5242 /* Main.storyboard */,
				7F31E9B8209067D3004A5242 /* Assets.xcassets */,
				7F31E9BA209067D3004A5242 /* LaunchScreen.storyboard */,
				7F31E9BD209067D3004A5242 /* Info.plist */,
				7F31E9BE209067D3004A5242 /* main.m */,
			);
			path = PhoneFieldOC;
			sourceTree = "<group>";
		};
		7F31E9C7209067D3004A5242 /* PhoneFieldOCTests */ = {
			isa = PBXGroup;
			children = (
				7F31E9C8209067D3004A5242 /* PhoneFieldOCTests.m */,
				7F31E9CA209067D3004A5242 /* Info.plist */,
			);
			path = PhoneFieldOCTests;
			sourceTree = "<group>";
		};
		7F31E9D2209067D4004A5242 /* PhoneFieldOCUITests */ = {
			isa = PBXGroup;
			children = (
				7F31E9D3209067D4004A5242 /* PhoneFieldOCUITests.m */,
				7F31E9D5209067D4004A5242 /* Info.plist */,
			);
			path = PhoneFieldOCUITests;
			sourceTree = "<group>";
		};
/* End PBXGroup section */

/* Begin PBXNativeTarget section */
		7F31E9AB209067D3004A5242 /* PhoneFieldOC */ = {
			isa = PBXNativeTarget;
			buildConfigurationList = 7F31E9D8209067D4004A5242 /* Build configuration list for PBXNativeTarget "PhoneFieldOC" */;
			buildPhases = (
				7F31E9A8209067D3004A5242 /* Sources */,
				7F31E9A9209067D3004A5242 /* Frameworks */,
				7F31E9AA209067D3004A5242 /* Resources */,
			);
			buildRules = (
			);
			dependencies = (
			);
			name = PhoneFieldOC;
			productName = PhoneFieldOC;
			productReference = 7F31E9AC209067D3004A5242 /* PhoneFieldOC.app */;
			productType = "com.apple.product-type.application";
		};
		7F31E9C3209067D3004A5242 /* PhoneFieldOCTests */ = {
			isa = PBXNativeTarget;
			buildConfigurationList = 7F31E9DB209067D4004A5242 /* Build configuration list for PBXNativeTarget "PhoneFieldOCTests" */;
			buildPhases = (
				7F31E9C0209067D3004A5242 /* Sources */,
				7F31E9C1209067D3004A5242 /* Frameworks */,
				7F31E9C2209067D3004A5242 /* Resources */,
			);
			buildRules = (
			);
			dependencies = (
				7F31E9C6209067D3004A5242 /* PBXTargetDependency */,
			);
			name = PhoneFieldOCTests;
			productName = PhoneFieldOCTests;
			productReference = 7F31E9C4209067D3004A5242 /* PhoneFieldOCTests.xctest */;
			productType = "com.apple.product-type.bundle.unit-test";
		};
		7F31E9CE209067D4004A5242 /* PhoneFieldOCUITests */ = {
			isa = PBXNativeTarget;
			buildConfigurationList = 7F31E9DE209067D4004A5242 /* Build configuration list for PBXNativeTarget "PhoneFieldOCUITests" */;
			buildPhases = (
				7F31E9CB209067D4004A5242 /* Sources */,
				7F31E9CC209067D4004A5242 /* Frameworks */,
				7F31E9CD209067D4004A5242 /* Resources */,
			);
			buildRules = (
			);
			dependencies = (
				7F31E9D1209067D4004A5242 /* PBXTargetDependency */,
			);
			name = PhoneFieldOCUITests;
			productName = PhoneFieldOCUITests;
			productReference = 7F31E9CF209067D4004A5242 /* PhoneFieldOCUITests.xctest */;
			productType = "com.apple.product-type.bundle.ui-testing";
		};
/* End PBXNativeTarget section */

/* Begin PBXProject section */
		7F31E9A4209067D3004A5242 /* Project object */ = {
			isa = PBXProject;
			attributes = {
				LastUpgradeCheck = 0920;
				ORGANIZATIONNAME = "云中科技";
				TargetAttributes = {
					7F31E9AB209067D3004A5242 = {
						CreatedOnToolsVersion = 9.2;
						ProvisioningStyle = Automatic;
					};
					7F31E9C3209067D3004A5242 = {
						CreatedOnToolsVersion = 9.2;
						ProvisioningStyle = Automatic;
						TestTargetID = 7F31E9AB209067D3004A5242;
					};
					7F31E9CE209067D4004A5242 = {
						CreatedOnToolsVersion = 9.2;
						ProvisioningStyle = Automatic;
						TestTargetID = 7F31E9AB209067D3004A5242;
					};
				};
			};
			buildConfigurationList = 7F31E9A7209067D3004A5242 /* Build configuration list for PBXProject "PhoneFieldOC" */;
			compatibilityVersion = "Xcode 8.0";
			developmentRegion = en;
			hasScannedForEncodings = 0;
			knownRegions = (
				en,
				Base,
			);
			mainGroup = 7F31E9A3209067D3004A5242;
			productRefGroup = 7F31E9AD209067D3004A5242 /* Products */;
			projectDirPath = "";
			projectRoot = "";
			targets = (
				7F31E9AB209067D3004A5242 /* PhoneFieldOC */,
				7F31E9C3209067D3004A5242 /* PhoneFieldOCTests */,
				7F31E9CE209067D4004A5242 /* PhoneFieldOCUITests */,
			);
		};
/* End PBXProject section */

/* Begin PBXResourcesBuildPhase section */
		7F31E9AA209067D3004A5242 /* Resources */ = {
			isa = PBXResourcesBuildPhase;
			buildActionMask = 2147483647;
			files = (
				7F31E9BC209067D3004A5242 /* LaunchScreen.storyboard in Resources */,
				7F31E9B9209067D3004A5242 /* Assets.xcassets in Resources */,
				7F31E9B7209067D3004A5242 /* Main.storyboard in Resources */,
			);
			runOnlyForDeploymentPostprocessing = 0;
		};
		7F31E9C2209067D3004A5242 /* Resources */ = {
			isa = PBXResourcesBuildPhase;
			buildActionMask = 2147483647;
			files = (
			);
			runOnlyForDeploymentPostprocessing = 0;
		};
		7F31E9CD209067D4004A5242 /* Resources */ = {
			isa = PBXResourcesBuildPhase;
			buildActionMask = 2147483647;
			files = (
			);
			runOnlyForDeploymentPostprocessing = 0;
		};
/* End PBXResourcesBuildPhase section */

/* Begin PBXSourcesBuildPhase section */
		7F31E9A8209067D3004A5242 /* Sources */ = {
			isa = PBXSourcesBuildPhase;
			buildActionMask = 2147483647;
			files = (
				7F31E9B4209067D3004A5242 /* ViewController.m in Sources */,
				7F31E9E3209067ED004A5242 /* PhoneField.m in Sources */,
				7F31E9BF209067D3004A5242 /* main.m in Sources */,
				7F31E9B1209067D3004A5242 /* AppDelegate.m in Sources */,
			);
			runOnlyForDeploymentPostprocessing = 0;
		};
		7F31E9C0209067D3004A5242 /* Sources */ = {
			isa = PBXSourcesBuildPhase;
			buildActionMask = 2147483647;
			files = (
				7F31E9C9209067D3004A5242 /* PhoneFieldOCTests.m in Sources */,
			);
			runOnlyForDeploymentPostprocessing = 0;
		};
		7F31E9CB209067D4004A5242 /* Sources */ = {
			isa = PBXSourcesBuildPhase;
			buildActionMask = 2147483647;
			files = (
				7F31E9D4209067D4004A5242 /* PhoneFieldOCUITests.m in Sources */,
			);
			runOnlyForDeploymentPostprocessing = 0;
		};
/* End PBXSourcesBuildPhase section */

/* Begin PBXTargetDependency section */
		7F31E9C6209067D3004A5242 /* PBXTargetDependency */ = {
			isa = PBXTargetDependency;
			target = 7F31E9AB209067D3004A5242 /* PhoneFieldOC */;
			targetProxy = 7F31E9C5209067D3004A5242 /* PBXContainerItemProxy */;
		};
		7F31E9D1209067D4004A5242 /* PBXTargetDependency */ = {
			isa = PBXTargetDependency;
			target = 7F31E9AB209067D3004A5242 /* PhoneFieldOC */;
			targetProxy = 7F31E9D0209067D4004A5242 /* PBXContainerItemProxy */;
		};
/* End PBXTargetDependency section */

/* Begin PBXVariantGroup section */
		7F31E9B5209067D3004A5242 /* Main.storyboard */ = {
			isa = PBXVariantGroup;
			children = (
				7F31E9B6209067D3004A5242 /* Base */,
			);
			name = Main.storyboard;
			sourceTree = "<group>";
		};
		7F31E9BA209067D3004A5242 /* LaunchScreen.storyboard */ = {
			isa = PBXVariantGroup;
			children = (
				7F31E9BB209067D3004A5242 /* Base */,
			);
			name = LaunchScreen.storyboard;
			sourceTree = "<group>";
		};
/* End PBXVariantGroup section */

/* Begin XCBuildConfiguration section */
		7F31E9D6209067D4004A5242 /* Debug */ = {
			isa = XCBuildConfiguration;
			buildSettings = {
				ALWAYS_SEARCH_USER_PATHS = NO;
				CLANG_ANALYZER_NONNULL = YES;
				CLANG_ANALYZER_NUMBER_OBJECT_CONVERSION = YES_AGGRESSIVE;
				CLANG_CXX_LANGUAGE_STANDARD = "gnu++14";
				CLANG_CXX_LIBRARY = "libc++";
				CLANG_ENABLE_MODULES = YES;
				CLANG_ENABLE_OBJC_ARC = YES;
				CLANG_WARN_BLOCK_CAPTURE_AUTORELEASING = YES;
				CLANG_WARN_BOOL_CONVERSION = YES;
				CLANG_WARN_COMMA = YES;
				CLANG_WARN_CONSTANT_CONVERSION = YES;
				CLANG_WARN_DIRECT_OBJC_ISA_USAGE = YES_ERROR;
				CLANG_WARN_DOCUMENTATION_COMMENTS = YES;
				CLANG_WARN_EMPTY_BODY = YES;
				CLANG_WARN_ENUM_CONVERSION = YES;
				CLANG_WARN_INFINITE_RECURSION = YES;
				CLANG_WARN_INT_CONVERSION = YES;
				CLANG_WARN_NON_LITERAL_NULL_CONVERSION = YES;
				CLANG_WARN_OBJC_LITERAL_CONVERSION = YES;
				CLANG_WARN_OBJC_ROOT_CLASS = YES_ERROR;
				CLANG_WARN_RANGE_LOOP_ANALYSIS = YES;
				CLANG_WARN_STRICT_PROTOTYPES = YES;
				CLANG_WARN_SUSPICIOUS_MOVE = YES;
				CLANG_WARN_UNGUARDED_AVAILABILITY = YES_AGGRESSIVE;
				CLANG_WARN_UNREACHABLE_CODE = YES;
				CLANG_WARN__DUPLICATE_METHOD_MATCH = YES;
				CODE_SIGN_IDENTITY = "iPhone Developer";
				COPY_PHASE_STRIP = NO;
				DEBUG_INFORMATION_FORMAT = dwarf;
				ENABLE_STRICT_OBJC_MSGSEND = YES;
				ENABLE_TESTABILITY = YES;
				GCC_C_LANGUAGE_STANDARD = gnu11;
				GCC_DYNAMIC_NO_PIC = NO;
				GCC_NO_COMMON_BLOCKS = YES;
				GCC_OPTIMIZATION_LEVEL = 0;
				GCC_PREPROCESSOR_DEFINITIONS = (
					"DEBUG=1",
					"$(inherited)",
				);
				GCC_WARN_64_TO_32_BIT_CONVERSION = YES;
				GCC_WARN_ABOUT_RETURN_TYPE = YES_ERROR;
				GCC_WARN_UNDECLARED_SELECTOR = YES;
				GCC_WARN_UNINITIALIZED_AUTOS = YES_AGGRESSIVE;
				GCC_WARN_UNUSED_FUNCTION = YES;
				GCC_WARN_UNUSED_VARIABLE = YES;
				IPHONEOS_DEPLOYMENT_TARGET = 11.2;
				MTL_ENABLE_DEBUG_INFO = YES;
				ONLY_ACTIVE_ARCH = YES;
				SDKROOT = iphoneos;
			};
			name = Debug;
		};
		7F31E9D7209067D4004A5242 /* Release */ = {
			isa = XCBuildConfiguration;
			buildSettings = {
				ALWAYS_SEARCH_USER_PATHS = NO;
				CLANG_ANALYZER_NONNULL = YES;
				CLANG_ANALYZER_NUMBER_OBJECT_CONVERSION = YES_AGGRESSIVE;
				CLANG_CXX_LANGUAGE_STANDARD = "gnu++14";
				CLANG_CXX_LIBRARY = "libc++";
				CLANG_ENABLE_MODULES = YES;
				CLANG_ENABLE_OBJC_ARC = YES;
				CLANG_WARN_BLOCK_CAPTURE_AUTORELEASING = YES;
				CLANG_WARN_BOOL_CONVERSION = YES;
				CLANG_WARN_COMMA = YES;
				CLANG_WARN_CONSTANT_CONVERSION = YES;
				CLANG_WARN_DIRECT_OBJC_ISA_USAGE = YES_ERROR;
				CLANG_WARN_DOCUMENTATION_COMMENTS = YES;
				CLANG_WARN_EMPTY_BODY = YES;
				CLANG_WARN_ENUM_CONVERSION = YES;
				CLANG_WARN_INFINITE_RECURSION = YES;
				CLANG_WARN_INT_CONVERSION = YES;
				CLANG_WARN_NON_LITERAL_NULL_CONVERSION = YES;
				CLANG_WARN_OBJC_LITERAL_CONVERSION = YES;
				CLANG_WARN_OBJC_ROOT_CLASS = YES_ERROR;
				CLANG_WARN_RANGE_LOOP_ANALYSIS = YES;
				CLANG_WARN_STRICT_PROTOTYPES = YES;
				CLANG_WARN_SUSPICIOUS_MOVE = YES;
				CLANG_WARN_UNGUARDED_AVAILABILITY = YES_AGGRESSIVE;
				CLANG_WARN_UNREACHABLE_CODE = YES;
				CLANG_WARN__DUPLICATE_METHOD_MATCH = YES;
				CODE_SIGN_IDENTITY = "iPhone Developer";
				COPY_PHASE_STRIP = NO;
				DEBUG_INFORMATION_FORMAT = "dwarf-with-dsym";
				ENABLE_NS_ASSERTIONS = NO;
				ENABLE_STRICT_OBJC_MSGSEND = YES;
				GCC_C_LANGUAGE_STANDARD = gnu11;
				GCC_NO_COMMON_BLOCKS = YES;
				GCC_WARN_64_TO_32_BIT_CONVERSION = YES;
				GCC_WARN_ABOUT_RETURN_TYPE = YES_ERROR;
				GCC_WARN_UNDECLARED_SELECTOR = YES;
				GCC_WARN_UNINITIALIZED_AUTOS = YES_AGGRESSIVE;
				GCC_WARN_UNUSED_FUNCTION = YES;
				GCC_WARN_UNUSED_VARIABLE = YES;
				IPHONEOS_DEPLOYMENT_TARGET = 11.2;
				MTL_ENABLE_DEBUG_INFO = NO;
				SDKROOT = iphoneos;
				VALIDATE_PRODUCT = YES;
			};
			name = Release;
		};
		7F31E9D9209067D4004A5242 /* Debug */ = {
			isa = XCBuildConfiguration;
			buildSettings = {
				ASSETCATALOG_COMPILER_APPICON_NAME = AppIcon;
				CODE_SIGN_STYLE = Automatic;
				DEVELOPMENT_TEAM = A3TT6U8562;
				INFOPLIST_FILE = PhoneFieldOC/Info.plist;
				LD_RUNPATH_SEARCH_PATHS = "$(inherited) @executable_path/Frameworks";
				PRODUCT_BUNDLE_IDENTIFIER = abner.PhoneFieldOC;
				PRODUCT_NAME = "$(TARGET_NAME)";
				TARGETED_DEVICE_FAMILY = "1,2";
			};
			name = Debug;
		};
		7F31E9DA209067D4004A5242 /* Release */ = {
			isa = XCBuildConfiguration;
			buildSettings = {
				ASSETCATALOG_COMPILER_APPICON_NAME = AppIcon;
				CODE_SIGN_STYLE = Automatic;
				DEVELOPMENT_TEAM = A3TT6U8562;
				INFOPLIST_FILE = PhoneFieldOC/Info.plist;
				LD_RUNPATH_SEARCH_PATHS = "$(inherited) @executable_path/Frameworks";
				PRODUCT_BUNDLE_IDENTIFIER = abner.PhoneFieldOC;
				PRODUCT_NAME = "$(TARGET_NAME)";
				TARGETED_DEVICE_FAMILY = "1,2";
			};
			name = Release;
		};
		7F31E9DC209067D4004A5242 /* Debug */ = {
			isa = XCBuildConfiguration;
			buildSettings = {
				BUNDLE_LOADER = "$(TEST_HOST)";
				CODE_SIGN_STYLE = Automatic;
				DEVELOPMENT_TEAM = A3TT6U8562;
				INFOPLIST_FILE = PhoneFieldOCTests/Info.plist;
				LD_RUNPATH_SEARCH_PATHS = "$(inherited) @executable_path/Frameworks @loader_path/Frameworks";
				PRODUCT_BUNDLE_IDENTIFIER = abner.PhoneFieldOCTests;
				PRODUCT_NAME = "$(TARGET_NAME)";
				TARGETED_DEVICE_FAMILY = "1,2";
				TEST_HOST = "$(BUILT_PRODUCTS_DIR)/PhoneFieldOC.app/PhoneFieldOC";
			};
			name = Debug;
		};
		7F31E9DD209067D4004A5242 /* Release */ = {
			isa = XCBuildConfiguration;
			buildSettings = {
				BUNDLE_LOADER = "$(TEST_HOST)";
				CODE_SIGN_STYLE = Automatic;
				DEVELOPMENT_TEAM = A3TT6U8562;
				INFOPLIST_FILE = PhoneFieldOCTests/Info.plist;
				LD_RUNPATH_SEARCH_PATHS = "$(inherited) @executable_path/Frameworks @loader_path/Frameworks";
				PRODUCT_BUNDLE_IDENTIFIER = abner.PhoneFieldOCTests;
				PRODUCT_NAME = "$(TARGET_NAME)";
				TARGETED_DEVICE_FAMILY = "1,2";
				TEST_HOST = "$(BUILT_PRODUCTS_DIR)/PhoneFieldOC.app/PhoneFieldOC";
			};
			name = Release;
		};
		7F31E9DF209067D4004A5242 /* Debug */ = {
			isa = XCBuildConfiguration;
			buildSettings = {
				CODE_SIGN_STYLE = Automatic;
				DEVELOPMENT_TEAM = A3TT6U8562;
				INFOPLIST_FILE = PhoneFieldOCUITests/Info.plist;
				LD_RUNPATH_SEARCH_PATHS = "$(inherited) @executable_path/Frameworks @loader_path/Frameworks";
				PRODUCT_BUNDLE_IDENTIFIER = abner.PhoneFieldOCUITests;
				PRODUCT_NAME = "$(TARGET_NAME)";
				TARGETED_DEVICE_FAMILY = "1,2";
				TEST_TARGET_NAME = PhoneFieldOC;
			};
			name = Debug;
		};
		7F31E9E0209067D4004A5242 /* Release */ = {
			isa = XCBuildConfiguration;
			buildSettings = {
				CODE_SIGN_STYLE = Automatic;
				DEVELOPMENT_TEAM = A3TT6U8562;
				INFOPLIST_FILE = PhoneFieldOCUITests/Info.plist;
				LD_RUNPATH_SEARCH_PATHS = "$(inherited) @executable_path/Frameworks @loader_path/Frameworks";
				PRODUCT_BUNDLE_IDENTIFIER = abner.PhoneFieldOCUITests;
				PRODUCT_NAME = "$(TARGET_NAME)";
				TARGETED_DEVICE_FAMILY = "1,2";
				TEST_TARGET_NAME = PhoneFieldOC;
			};
			name = Release;
		};
/* End XCBuildConfiguration section */

/* Begin XCConfigurationList section */
		7F31E9A7209067D3004A5242 /* Build configuration list for PBXProject "PhoneFieldOC" */ = {
			isa = XCConfigurationList;
			buildConfigurations = (
				7F31E9D6209067D4004A5242 /* Debug */,
				7F31E9D7209067D4004A5242 /* Release */,
			);
			defaultConfigurationIsVisible = 0;
			defaultConfigurationName = Release;
		};
		7F31E9D8209067D4004A5242 /* Build configuration list for PBXNativeTarget "PhoneFieldOC" */ = {
			isa = XCConfigurationList;
			buildConfigurations = (
				7F31E9D9209067D4004A5242 /* Debug */,
				7F31E9DA209067D4004A5242 /* Release */,
			);
			defaultConfigurationIsVisible = 0;
			defaultConfigurationName = Release;
		};
		7F31E9DB209067D4004A5242 /* Build configuration list for PBXNativeTarget "PhoneFieldOCTests" */ = {
			isa = XCConfigurationList;
			buildConfigurations = (
				7F31E9DC209067D4004A5242 /* Debug */,
				7F31E9DD209067D4004A5242 /* Release */,
			);
			defaultConfigurationIsVisible = 0;
			defaultConfigurationName = Release;
		};
		7F31E9DE209067D4004A5242 /* Build configuration list for PBXNativeTarget "PhoneFieldOCUITests" */ = {
			isa = XCConfigurationList;
			buildConfigurations = (
				7F31E9DF209067D4004A5242 /* Debug */,
				7F31E9E0209067D4004A5242 /* Release */,
			);
			defaultConfigurationIsVisible = 0;
			defaultConfigurationName = Release;
		};
/* End XCConfigurationList section */
	};
	rootObject = 7F31E9A4209067D3004A5242 /* Project object */;
}
